{
  "name": "MD6_EZHOME_FinalCase",
  "lockfileVersion": 3,
  "requires": true,
  "packages": {
    "": {
      "dependencies": {
        "react-hook-form": "^7.43.9"
      }
    },
    "node_modules/react-hook-form": {
      "version": "7.43.9",
      "resolved": "https://registry.npmjs.org/react-hook-form/-/react-hook-form-7.43.9.tgz",
      "integrity": "sha512-AUDN3Pz2NSeoxQ7Hs6OhQhDr6gtF9YRuutGDwPQqhSUAHJSgGl2VeY3qN19MG0SucpjgDiuMJ4iC5T5uB+eaNQ==",
      "engines": {
        "node": ">=12.22.0"
      },
      "funding": {
        "type": "opencollective",
        "url": "https://opencollective.com/react-hook-form"
      },
      "peerDependencies": {
        "react": "^16.8.0 || ^17 || ^18"
      }
    }
  }
}
